// !$*UTF8*$!
{
	archiveVersion = 1;
	classes = {
	};
	objectVersion = 48;
	objects = {

/* Begin PBXBuildFile section */
		15BE32C8E0A9BF9E6A5E7DAD /* Pods_Foug_Elhoda.framework in Frameworks */ = {isa = PBXBuildFile; fileRef = 88D452A033E9B86A486781A6 /* Pods_Foug_Elhoda.framework */; };
		6B1052682113413B00003988 /* QuestionsTableViewCell.swift in Sources */ = {isa = PBXBuildFile; fileRef = 6B1052662113413B00003988 /* QuestionsTableViewCell.swift */; };
		6B1052692113413B00003988 /* QuestionsTableViewCell.xib in Resources */ = {isa = PBXBuildFile; fileRef = 6B1052672113413B00003988 /* QuestionsTableViewCell.xib */; };
		6B10526B2113492100003988 /* questionsAndAnswers.swift in Sources */ = {isa = PBXBuildFile; fileRef = 6B10526A2113492100003988 /* questionsAndAnswers.swift */; };
		6B10526F2113648F00003988 /* WebViewVC.swift in Sources */ = {isa = PBXBuildFile; fileRef = 6B10526E2113648E00003988 /* WebViewVC.swift */; };
		6B10527121137F5D00003988 /* NetworkConstants.swift in Sources */ = {isa = PBXBuildFile; fileRef = 6B10527021137F5D00003988 /* NetworkConstants.swift */; };
		6B10527521138A2100003988 /* TimesTableViewCell.swift in Sources */ = {isa = PBXBuildFile; fileRef = 6B10527321138A2100003988 /* TimesTableViewCell.swift */; };
		6B10527621138A2100003988 /* TimesTableViewCell.xib in Resources */ = {isa = PBXBuildFile; fileRef = 6B10527421138A2100003988 /* TimesTableViewCell.xib */; };
		6B10527821138CA300003988 /* HajTimes.swift in Sources */ = {isa = PBXBuildFile; fileRef = 6B10527721138CA300003988 /* HajTimes.swift */; };
		6B10527A2113B0B200003988 /* LocationsConstants.swift in Sources */ = {isa = PBXBuildFile; fileRef = 6B1052792113B0B200003988 /* LocationsConstants.swift */; };
		6B2D52692111E06B005CD59A /* ImageCollectionViewCell.swift in Sources */ = {isa = PBXBuildFile; fileRef = 6B2D52672111E06B005CD59A /* ImageCollectionViewCell.swift */; };
		6B2D526A2111E06B005CD59A /* ImageCollectionViewCell.xib in Resources */ = {isa = PBXBuildFile; fileRef = 6B2D52682111E06B005CD59A /* ImageCollectionViewCell.xib */; };
		6B2D526E21120AAA005CD59A /* Home.storyboard in Resources */ = {isa = PBXBuildFile; fileRef = 6B88DBE5210E40BF006B1897 /* Home.storyboard */; };
		6B2D52732112241C005CD59A /* UIViewExtension.swift in Sources */ = {isa = PBXBuildFile; fileRef = 6B2D52722112241C005CD59A /* UIViewExtension.swift */; };
		6B4DFE8F210D904C0020C7D3 /* SWRevealViewController.m in Sources */ = {isa = PBXBuildFile; fileRef = 6B4DFE8A210D85C50020C7D3 /* SWRevealViewController.m */; };
		6B4DFE91210DA0090020C7D3 /* SideMenuVC.swift in Sources */ = {isa = PBXBuildFile; fileRef = 6B4DFE90210DA0090020C7D3 /* SideMenuVC.swift */; };
		6B53CB9F210E84F900BE96B2 /* HomeCollectionViewCell.swift in Sources */ = {isa = PBXBuildFile; fileRef = 6B53CB9D210E84F900BE96B2 /* HomeCollectionViewCell.swift */; };
		6B53CBA0210E84F900BE96B2 /* HomeCollectionViewCell.xib in Resources */ = {isa = PBXBuildFile; fileRef = 6B53CB9E210E84F900BE96B2 /* HomeCollectionViewCell.xib */; };
		6B53CBA9210F40A200BE96B2 /* WeVC.swift in Sources */ = {isa = PBXBuildFile; fileRef = 6B53CBA8210F40A200BE96B2 /* WeVC.swift */; };
		6B53CBAD210F40D700BE96B2 /* LostVC.swift in Sources */ = {isa = PBXBuildFile; fileRef = 6B53CBAC210F40D700BE96B2 /* LostVC.swift */; };
		6B53CBAF210F40ED00BE96B2 /* QuestionsVC.swift in Sources */ = {isa = PBXBuildFile; fileRef = 6B53CBAE210F40ED00BE96B2 /* QuestionsVC.swift */; };
		6B53CBB3210F594800BE96B2 /* LocationsVC.swift in Sources */ = {isa = PBXBuildFile; fileRef = 6B53CBB2210F594800BE96B2 /* LocationsVC.swift */; };
		6B53CBB5210F596B00BE96B2 /* PlacesVC.swift in Sources */ = {isa = PBXBuildFile; fileRef = 6B53CBB4210F596B00BE96B2 /* PlacesVC.swift */; };
		6B53CBB7210F599000BE96B2 /* TimeTableVC.swift in Sources */ = {isa = PBXBuildFile; fileRef = 6B53CBB6210F599000BE96B2 /* TimeTableVC.swift */; };
		6B53CBB9210F59AB00BE96B2 /* VideosVC.swift in Sources */ = {isa = PBXBuildFile; fileRef = 6B53CBB8210F59AB00BE96B2 /* VideosVC.swift */; };
		6B53CBBB210F59C800BE96B2 /* PicturesVC.swift in Sources */ = {isa = PBXBuildFile; fileRef = 6B53CBBA210F59C800BE96B2 /* PicturesVC.swift */; };
		6B53CBBD210F59E400BE96B2 /* NotificationVC.swift in Sources */ = {isa = PBXBuildFile; fileRef = 6B53CBBC210F59E400BE96B2 /* NotificationVC.swift */; };
		6B7E365E210CC49300BB7354 /* ViewController.swift in Sources */ = {isa = PBXBuildFile; fileRef = 6B7E365D210CC49300BB7354 /* ViewController.swift */; };
		6B7E3661210CC49300BB7354 /* Main.storyboard in Resources */ = {isa = PBXBuildFile; fileRef = 6B7E365F210CC49300BB7354 /* Main.storyboard */; };
		6B7E3663210CC49300BB7354 /* Assets.xcassets in Resources */ = {isa = PBXBuildFile; fileRef = 6B7E3662210CC49300BB7354 /* Assets.xcassets */; };
		6B7E3666210CC49300BB7354 /* LaunchScreen.storyboard in Resources */ = {isa = PBXBuildFile; fileRef = 6B7E3664210CC49300BB7354 /* LaunchScreen.storyboard */; };
		6B7E367A210CC9B400BB7354 /* AppDelegate.swift in Sources */ = {isa = PBXBuildFile; fileRef = 6B7E3679210CC9B400BB7354 /* AppDelegate.swift */; };
		6B7E367C210CC9EA00BB7354 /* Info.plist in Resources */ = {isa = PBXBuildFile; fileRef = 6B7E367B210CC9EA00BB7354 /* Info.plist */; };
		6B7E367F210CCE0900BB7354 /* Localizable.strings in Resources */ = {isa = PBXBuildFile; fileRef = 6B7E367E210CCE0900BB7354 /* Localizable.strings */; };
		6B7E3687210CD3EB00BB7354 /* HomeVC.swift in Sources */ = {isa = PBXBuildFile; fileRef = 6B7E3686210CD3EB00BB7354 /* HomeVC.swift */; };
		6B88DBD2210DAAFC006B1897 /* UiConstants.swift in Sources */ = {isa = PBXBuildFile; fileRef = 6B88DBD1210DAAFC006B1897 /* UiConstants.swift */; };
		6B88DBD4210E2A5D006B1897 /* Side menu.storyboard in Resources */ = {isa = PBXBuildFile; fileRef = 6B88DBD6210E2A5D006B1897 /* Side menu.storyboard */; };
		6B88DBDA210E334B006B1897 /* SideMenuCell.swift in Sources */ = {isa = PBXBuildFile; fileRef = 6B88DBD8210E334B006B1897 /* SideMenuCell.swift */; };
		6B88DBDB210E334B006B1897 /* SideMenuCell.xib in Resources */ = {isa = PBXBuildFile; fileRef = 6B88DBD9210E334B006B1897 /* SideMenuCell.xib */; };
		6B88DBDD210E369D006B1897 /* TableViewAdapter.swift in Sources */ = {isa = PBXBuildFile; fileRef = 6B88DBDC210E369D006B1897 /* TableViewAdapter.swift */; };
		6B88DBE0210E3C10006B1897 /* UIViewControllerExtension.swift in Sources */ = {isa = PBXBuildFile; fileRef = 6B88DBDF210E3C10006B1897 /* UIViewControllerExtension.swift */; };
		6B88DBE2210E3D03006B1897 /* UIApplicationExtension.swift in Sources */ = {isa = PBXBuildFile; fileRef = 6B88DBE1210E3D03006B1897 /* UIApplicationExtension.swift */; };
/* End PBXBuildFile section */

/* Begin PBXFileReference section */
		6B09502C210CFA9900A1A9C8 /* Foug-Elhoda-Bridging-Header.h */ = {isa = PBXFileReference; lastKnownFileType = sourcecode.c.h; path = "Foug-Elhoda-Bridging-Header.h"; sourceTree = "<group>"; };
		6B1052662113413B00003988 /* QuestionsTableViewCell.swift */ = {isa = PBXFileReference; lastKnownFileType = sourcecode.swift; path = QuestionsTableViewCell.swift; sourceTree = "<group>"; };
		6B1052672113413B00003988 /* QuestionsTableViewCell.xib */ = {isa = PBXFileReference; lastKnownFileType = file.xib; path = QuestionsTableViewCell.xib; sourceTree = "<group>"; };
		6B10526A2113492100003988 /* questionsAndAnswers.swift */ = {isa = PBXFileReference; lastKnownFileType = sourcecode.swift; path = questionsAndAnswers.swift; sourceTree = "<group>"; };
		6B10526E2113648E00003988 /* WebViewVC.swift */ = {isa = PBXFileReference; lastKnownFileType = sourcecode.swift; path = WebViewVC.swift; sourceTree = "<group>"; };
		6B10527021137F5D00003988 /* NetworkConstants.swift */ = {isa = PBXFileReference; lastKnownFileType = sourcecode.swift; path = NetworkConstants.swift; sourceTree = "<group>"; };
		6B10527321138A2100003988 /* TimesTableViewCell.swift */ = {isa = PBXFileReference; lastKnownFileType = sourcecode.swift; path = TimesTableViewCell.swift; sourceTree = "<group>"; };
		6B10527421138A2100003988 /* TimesTableViewCell.xib */ = {isa = PBXFileReference; lastKnownFileType = file.xib; path = TimesTableViewCell.xib; sourceTree = "<group>"; };
		6B10527721138CA300003988 /* HajTimes.swift */ = {isa = PBXFileReference; lastKnownFileType = sourcecode.swift; path = HajTimes.swift; sourceTree = "<group>"; };
		6B1052792113B0B200003988 /* LocationsConstants.swift */ = {isa = PBXFileReference; lastKnownFileType = sourcecode.swift; path = LocationsConstants.swift; sourceTree = "<group>"; };
		6B2D52672111E06B005CD59A /* ImageCollectionViewCell.swift */ = {isa = PBXFileReference; lastKnownFileType = sourcecode.swift; path = ImageCollectionViewCell.swift; sourceTree = "<group>"; };
		6B2D52682111E06B005CD59A /* ImageCollectionViewCell.xib */ = {isa = PBXFileReference; lastKnownFileType = file.xib; path = ImageCollectionViewCell.xib; sourceTree = "<group>"; };
		6B2D526D2111F141005CD59A /* ar */ = {isa = PBXFileReference; lastKnownFileType = file.storyboard; name = ar; path = ar.lproj/Home.storyboard; sourceTree = "<group>"; };
		6B2D527121120B51005CD59A /* ar */ = {isa = PBXFileReference; lastKnownFileType = file.storyboard; name = ar; path = "ar.lproj/Side menu.storyboard"; sourceTree = "<group>"; };
		6B2D52722112241C005CD59A /* UIViewExtension.swift */ = {isa = PBXFileReference; lastKnownFileType = sourcecode.swift; path = UIViewExtension.swift; sourceTree = "<group>"; };
		6B4DFE8A210D85C50020C7D3 /* SWRevealViewController.m */ = {isa = PBXFileReference; lastKnownFileType = sourcecode.c.objc; path = SWRevealViewController.m; sourceTree = "<group>"; };
		6B4DFE8B210D85C50020C7D3 /* SWRevealViewController.h */ = {isa = PBXFileReference; lastKnownFileType = sourcecode.c.h; path = SWRevealViewController.h; sourceTree = "<group>"; };
		6B4DFE90210DA0090020C7D3 /* SideMenuVC.swift */ = {isa = PBXFileReference; lastKnownFileType = sourcecode.swift; path = SideMenuVC.swift; sourceTree = "<group>"; };
		6B53CB9D210E84F900BE96B2 /* HomeCollectionViewCell.swift */ = {isa = PBXFileReference; lastKnownFileType = sourcecode.swift; path = HomeCollectionViewCell.swift; sourceTree = "<group>"; };
		6B53CB9E210E84F900BE96B2 /* HomeCollectionViewCell.xib */ = {isa = PBXFileReference; lastKnownFileType = file.xib; path = HomeCollectionViewCell.xib; sourceTree = "<group>"; };
		6B53CBA8210F40A200BE96B2 /* WeVC.swift */ = {isa = PBXFileReference; lastKnownFileType = sourcecode.swift; path = WeVC.swift; sourceTree = "<group>"; };
		6B53CBAC210F40D700BE96B2 /* LostVC.swift */ = {isa = PBXFileReference; lastKnownFileType = sourcecode.swift; path = LostVC.swift; sourceTree = "<group>"; };
		6B53CBAE210F40ED00BE96B2 /* QuestionsVC.swift */ = {isa = PBXFileReference; lastKnownFileType = sourcecode.swift; path = QuestionsVC.swift; sourceTree = "<group>"; };
		6B53CBB2210F594800BE96B2 /* LocationsVC.swift */ = {isa = PBXFileReference; lastKnownFileType = sourcecode.swift; path = LocationsVC.swift; sourceTree = "<group>"; };
		6B53CBB4210F596B00BE96B2 /* PlacesVC.swift */ = {isa = PBXFileReference; lastKnownFileType = sourcecode.swift; path = PlacesVC.swift; sourceTree = "<group>"; };
		6B53CBB6210F599000BE96B2 /* TimeTableVC.swift */ = {isa = PBXFileReference; lastKnownFileType = sourcecode.swift; path = TimeTableVC.swift; sourceTree = "<group>"; };
		6B53CBB8210F59AB00BE96B2 /* VideosVC.swift */ = {isa = PBXFileReference; lastKnownFileType = sourcecode.swift; path = VideosVC.swift; sourceTree = "<group>"; };
		6B53CBBA210F59C800BE96B2 /* PicturesVC.swift */ = {isa = PBXFileReference; lastKnownFileType = sourcecode.swift; path = PicturesVC.swift; sourceTree = "<group>"; };
		6B53CBBC210F59E400BE96B2 /* NotificationVC.swift */ = {isa = PBXFileReference; lastKnownFileType = sourcecode.swift; path = NotificationVC.swift; sourceTree = "<group>"; };
		6B7E3658210CC49300BB7354 /* Foug Elhoda.app */ = {isa = PBXFileReference; explicitFileType = wrapper.application; includeInIndex = 0; path = "Foug Elhoda.app"; sourceTree = BUILT_PRODUCTS_DIR; };
		6B7E365D210CC49300BB7354 /* ViewController.swift */ = {isa = PBXFileReference; lastKnownFileType = sourcecode.swift; path = ViewController.swift; sourceTree = "<group>"; };
		6B7E3660210CC49300BB7354 /* Base */ = {isa = PBXFileReference; lastKnownFileType = file.storyboard; name = Base; path = Base.lproj/Main.storyboard; sourceTree = "<group>"; };
		6B7E3662210CC49300BB7354 /* Assets.xcassets */ = {isa = PBXFileReference; lastKnownFileType = folder.assetcatalog; path = Assets.xcassets; sourceTree = "<group>"; };
		6B7E3665210CC49300BB7354 /* Base */ = {isa = PBXFileReference; lastKnownFileType = file.storyboard; name = Base; path = Base.lproj/LaunchScreen.storyboard; sourceTree = "<group>"; };
		6B7E3679210CC9B400BB7354 /* AppDelegate.swift */ = {isa = PBXFileReference; fileEncoding = 4; lastKnownFileType = sourcecode.swift; path = AppDelegate.swift; sourceTree = "<group>"; };
		6B7E367B210CC9EA00BB7354 /* Info.plist */ = {isa = PBXFileReference; fileEncoding = 4; lastKnownFileType = text.plist.xml; path = Info.plist; sourceTree = "<group>"; };
		6B7E367E210CCE0900BB7354 /* Localizable.strings */ = {isa = PBXFileReference; lastKnownFileType = text.plist.strings; path = Localizable.strings; sourceTree = "<group>"; };
		6B7E3680210CCE6800BB7354 /* ar */ = {isa = PBXFileReference; lastKnownFileType = text.plist.strings; name = ar; path = ar.lproj/Main.strings; sourceTree = "<group>"; };
		6B7E3681210CCE6900BB7354 /* ar */ = {isa = PBXFileReference; lastKnownFileType = text.plist.strings; name = ar; path = ar.lproj/LaunchScreen.strings; sourceTree = "<group>"; };
		6B7E3686210CD3EB00BB7354 /* HomeVC.swift */ = {isa = PBXFileReference; lastKnownFileType = sourcecode.swift; path = HomeVC.swift; sourceTree = "<group>"; };
		6B88DBD1210DAAFC006B1897 /* UiConstants.swift */ = {isa = PBXFileReference; lastKnownFileType = sourcecode.swift; path = UiConstants.swift; sourceTree = "<group>"; };
		6B88DBD8210E334B006B1897 /* SideMenuCell.swift */ = {isa = PBXFileReference; lastKnownFileType = sourcecode.swift; path = SideMenuCell.swift; sourceTree = "<group>"; };
		6B88DBD9210E334B006B1897 /* SideMenuCell.xib */ = {isa = PBXFileReference; lastKnownFileType = file.xib; path = SideMenuCell.xib; sourceTree = "<group>"; };
		6B88DBDC210E369D006B1897 /* TableViewAdapter.swift */ = {isa = PBXFileReference; fileEncoding = 4; lastKnownFileType = sourcecode.swift; path = TableViewAdapter.swift; sourceTree = "<group>"; };
		6B88DBDF210E3C10006B1897 /* UIViewControllerExtension.swift */ = {isa = PBXFileReference; lastKnownFileType = sourcecode.swift; path = UIViewControllerExtension.swift; sourceTree = "<group>"; };
		6B88DBE1210E3D03006B1897 /* UIApplicationExtension.swift */ = {isa = PBXFileReference; lastKnownFileType = sourcecode.swift; path = UIApplicationExtension.swift; sourceTree = "<group>"; };
		7E5C565CEDE7184520668C5A /* Pods-Foug Elhoda.release.xcconfig */ = {isa = PBXFileReference; includeInIndex = 1; lastKnownFileType = text.xcconfig; name = "Pods-Foug Elhoda.release.xcconfig"; path = "Pods/Target Support Files/Pods-Foug Elhoda/Pods-Foug Elhoda.release.xcconfig"; sourceTree = "<group>"; };
		88D452A033E9B86A486781A6 /* Pods_Foug_Elhoda.framework */ = {isa = PBXFileReference; explicitFileType = wrapper.framework; includeInIndex = 0; path = Pods_Foug_Elhoda.framework; sourceTree = BUILT_PRODUCTS_DIR; };
		9D5F761ADCF63F7216CC4DE4 /* Pods-Foug Elhoda.debug.xcconfig */ = {isa = PBXFileReference; includeInIndex = 1; lastKnownFileType = text.xcconfig; name = "Pods-Foug Elhoda.debug.xcconfig"; path = "Pods/Target Support Files/Pods-Foug Elhoda/Pods-Foug Elhoda.debug.xcconfig"; sourceTree = "<group>"; };
/* End PBXFileReference section */

/* Begin PBXFrameworksBuildPhase section */
		6B7E3655210CC49300BB7354 /* Frameworks */ = {
			isa = PBXFrameworksBuildPhase;
			buildActionMask = 2147483647;
			files = (
				15BE32C8E0A9BF9E6A5E7DAD /* Pods_Foug_Elhoda.framework in Frameworks */,
			);
			runOnlyForDeploymentPostprocessing = 0;
		};
/* End PBXFrameworksBuildPhase section */

/* Begin PBXGroup section */
		4956A82CD49CF01A1C9F89A2 /* Pods */ = {
			isa = PBXGroup;
			children = (
				9D5F761ADCF63F7216CC4DE4 /* Pods-Foug Elhoda.debug.xcconfig */,
				7E5C565CEDE7184520668C5A /* Pods-Foug Elhoda.release.xcconfig */,
			);
			name = Pods;
			sourceTree = "<group>";
		};
		6B105265211340EB00003988 /* QuestionsCell */ = {
			isa = PBXGroup;
			children = (
				6B1052662113413B00003988 /* QuestionsTableViewCell.swift */,
				6B1052672113413B00003988 /* QuestionsTableViewCell.xib */,
			);
			path = QuestionsCell;
			sourceTree = "<group>";
		};
		6B105272211389E300003988 /* TimesCell */ = {
			isa = PBXGroup;
			children = (
				6B10527321138A2100003988 /* TimesTableViewCell.swift */,
				6B10527421138A2100003988 /* TimesTableViewCell.xib */,
			);
			path = TimesCell;
			sourceTree = "<group>";
		};
		6B2D52662111E007005CD59A /* Image cell */ = {
			isa = PBXGroup;
			children = (
				6B2D52672111E06B005CD59A /* ImageCollectionViewCell.swift */,
				6B2D52682111E06B005CD59A /* ImageCollectionViewCell.xib */,
			);
			path = "Image cell";
			sourceTree = "<group>";
		};
		6B4DFE87210D85620020C7D3 /* Localizers */ = {
			isa = PBXGroup;
			children = (
				6B7E367E210CCE0900BB7354 /* Localizable.strings */,
			);
			path = Localizers;
			sourceTree = "<group>";
		};
		6B4DFE88210D85760020C7D3 /* Libraries */ = {
			isa = PBXGroup;
			children = (
				6B4DFE89210D85AA0020C7D3 /* SWRevealViewController */,
			);
			path = Libraries;
			sourceTree = "<group>";
		};
		6B4DFE89210D85AA0020C7D3 /* SWRevealViewController */ = {
			isa = PBXGroup;
			children = (
				6B4DFE8A210D85C50020C7D3 /* SWRevealViewController.m */,
				6B4DFE8B210D85C50020C7D3 /* SWRevealViewController.h */,
			);
			path = SWRevealViewController;
			sourceTree = "<group>";
		};
		6B53CB9C210E84B000BE96B2 /* Cells */ = {
			isa = PBXGroup;
			children = (
				6B105272211389E300003988 /* TimesCell */,
				6B2D52662111E007005CD59A /* Image cell */,
				6B53CB9D210E84F900BE96B2 /* HomeCollectionViewCell.swift */,
				6B53CB9E210E84F900BE96B2 /* HomeCollectionViewCell.xib */,
			);
			path = Cells;
			sourceTree = "<group>";
		};
		6B7E364F210CC49300BB7354 = {
			isa = PBXGroup;
			children = (
				6B7E365A210CC49300BB7354 /* Foug Elhoda */,
				6B7E3659210CC49300BB7354 /* Products */,
				4956A82CD49CF01A1C9F89A2 /* Pods */,
				6F3C5B422290C281FF94A028 /* Frameworks */,
			);
			sourceTree = "<group>";
		};
		6B7E3659210CC49300BB7354 /* Products */ = {
			isa = PBXGroup;
			children = (
				6B7E3658210CC49300BB7354 /* Foug Elhoda.app */,
			);
			name = Products;
			sourceTree = "<group>";
		};
		6B7E365A210CC49300BB7354 /* Foug Elhoda */ = {
			isa = PBXGroup;
			children = (
				6B7E367D210CCDAB00BB7354 /* Resource files */,
				6B7E3671210CC6B000BB7354 /* Support files */,
				6B7E3670210CC68E00BB7354 /* Views */,
				6B7E366F210CC67F00BB7354 /* Dal */,
				6B7E366E210CC65D00BB7354 /* Model */,
				6B7E366D210CC64000BB7354 /* Bussiness logic */,
				6B7E365D210CC49300BB7354 /* ViewController.swift */,
				6B7E365F210CC49300BB7354 /* Main.storyboard */,
				6B7E3662210CC49300BB7354 /* Assets.xcassets */,
				6B7E3664210CC49300BB7354 /* LaunchScreen.storyboard */,
			);
			path = "Foug Elhoda";
			sourceTree = "<group>";
		};
		6B7E366D210CC64000BB7354 /* Bussiness logic */ = {
			isa = PBXGroup;
			children = (
			);
			path = "Bussiness logic";
			sourceTree = "<group>";
		};
		6B7E366E210CC65D00BB7354 /* Model */ = {
			isa = PBXGroup;
			children = (
			);
			path = Model;
			sourceTree = "<group>";
		};
		6B7E366F210CC67F00BB7354 /* Dal */ = {
			isa = PBXGroup;
			children = (
				6B7E3673210CC87100BB7354 /* General access */,
				6B7E3672210CC87100BB7354 /* Spacific access */,
			);
			path = Dal;
			sourceTree = "<group>";
		};
		6B7E3670210CC68E00BB7354 /* Views */ = {
			isa = PBXGroup;
			children = (
				6B7E3677210CC96000BB7354 /* Custom Views */,
				6B7E3675210CC95F00BB7354 /* Home */,
				6B7E3676210CC95F00BB7354 /* Side menu */,
				6B7E3678210CC96000BB7354 /* Ui utilites */,
			);
			path = Views;
			sourceTree = "<group>";
		};
		6B7E3671210CC6B000BB7354 /* Support files */ = {
			isa = PBXGroup;
			children = (
				6B7E367B210CC9EA00BB7354 /* Info.plist */,
				6B7E3679210CC9B400BB7354 /* AppDelegate.swift */,
			);
			path = "Support files";
			sourceTree = "<group>";
		};
		6B7E3672210CC87100BB7354 /* Spacific access */ = {
			isa = PBXGroup;
			children = (
			);
			path = "Spacific access";
			sourceTree = "<group>";
		};
		6B7E3673210CC87100BB7354 /* General access */ = {
			isa = PBXGroup;
			children = (
				6B7E3674210CC87100BB7354 /* Network */,
			);
			path = "General access";
			sourceTree = "<group>";
		};
		6B7E3674210CC87100BB7354 /* Network */ = {
			isa = PBXGroup;
			children = (
				6B10527021137F5D00003988 /* NetworkConstants.swift */,
			);
			path = Network;
			sourceTree = "<group>";
		};
		6B7E3675210CC95F00BB7354 /* Home */ = {
			isa = PBXGroup;
			children = (
				6B53CB9C210E84B000BE96B2 /* Cells */,
				6B88DBE5210E40BF006B1897 /* Home.storyboard */,
				6B7E3686210CD3EB00BB7354 /* HomeVC.swift */,
				6B53CBB2210F594800BE96B2 /* LocationsVC.swift */,
				6B53CBB4210F596B00BE96B2 /* PlacesVC.swift */,
				6B53CBB6210F599000BE96B2 /* TimeTableVC.swift */,
				6B53CBB8210F59AB00BE96B2 /* VideosVC.swift */,
				6B53CBBA210F59C800BE96B2 /* PicturesVC.swift */,
				6B53CBBC210F59E400BE96B2 /* NotificationVC.swift */,
				6B10526E2113648E00003988 /* WebViewVC.swift */,
			);
			path = Home;
			sourceTree = "<group>";
		};
		6B7E3676210CC95F00BB7354 /* Side menu */ = {
			isa = PBXGroup;
			children = (
				6B88DBD7210E32F7006B1897 /* Cells */,
				6B88DBD6210E2A5D006B1897 /* Side menu.storyboard */,
				6B4DFE90210DA0090020C7D3 /* SideMenuVC.swift */,
				6B53CBA8210F40A200BE96B2 /* WeVC.swift */,
				6B53CBAC210F40D700BE96B2 /* LostVC.swift */,
				6B53CBAE210F40ED00BE96B2 /* QuestionsVC.swift */,
			);
			path = "Side menu";
			sourceTree = "<group>";
		};
		6B7E3677210CC96000BB7354 /* Custom Views */ = {
			isa = PBXGroup;
			children = (
				6B88DBDC210E369D006B1897 /* TableViewAdapter.swift */,
			);
			path = "Custom Views";
			sourceTree = "<group>";
		};
		6B7E3678210CC96000BB7354 /* Ui utilites */ = {
			isa = PBXGroup;
			children = (
				6B88DBDE210E3BED006B1897 /* Extensions */,
				6B88DBD1210DAAFC006B1897 /* UiConstants.swift */,
				6B10526A2113492100003988 /* questionsAndAnswers.swift */,
				6B10527721138CA300003988 /* HajTimes.swift */,
				6B1052792113B0B200003988 /* LocationsConstants.swift */,
			);
			path = "Ui utilites";
			sourceTree = "<group>";
		};
		6B7E367D210CCDAB00BB7354 /* Resource files */ = {
			isa = PBXGroup;
			children = (
				6B4DFE88210D85760020C7D3 /* Libraries */,
				6B4DFE87210D85620020C7D3 /* Localizers */,
				6B09502C210CFA9900A1A9C8 /* Foug-Elhoda-Bridging-Header.h */,
			);
			path = "Resource files";
			sourceTree = "<group>";
		};
		6B88DBD7210E32F7006B1897 /* Cells */ = {
			isa = PBXGroup;
			children = (
				6B105265211340EB00003988 /* QuestionsCell */,
				6B88DBD8210E334B006B1897 /* SideMenuCell.swift */,
				6B88DBD9210E334B006B1897 /* SideMenuCell.xib */,
			);
			path = Cells;
			sourceTree = "<group>";
		};
		6B88DBDE210E3BED006B1897 /* Extensions */ = {
			isa = PBXGroup;
			children = (
				6B88DBDF210E3C10006B1897 /* UIViewControllerExtension.swift */,
				6B88DBE1210E3D03006B1897 /* UIApplicationExtension.swift */,
				6B2D52722112241C005CD59A /* UIViewExtension.swift */,
			);
			path = Extensions;
			sourceTree = "<group>";
		};
		6F3C5B422290C281FF94A028 /* Frameworks */ = {
			isa = PBXGroup;
			children = (
				88D452A033E9B86A486781A6 /* Pods_Foug_Elhoda.framework */,
			);
			name = Frameworks;
			sourceTree = "<group>";
		};
/* End PBXGroup section */

/* Begin PBXNativeTarget section */
		6B7E3657210CC49300BB7354 /* Foug Elhoda */ = {
			isa = PBXNativeTarget;
			buildConfigurationList = 6B7E366A210CC49300BB7354 /* Build configuration list for PBXNativeTarget "Foug Elhoda" */;
			buildPhases = (
				89D08E56B7B41F98E59CF76A /* [CP] Check Pods Manifest.lock */,
				6B7E3654210CC49300BB7354 /* Sources */,
				6B7E3655210CC49300BB7354 /* Frameworks */,
				6B7E3656210CC49300BB7354 /* Resources */,
				4392392A7D5FAEE6E3153A97 /* [CP] Copy Pods Resources */,
			);
			buildRules = (
			);
			dependencies = (
			);
			name = "Foug Elhoda";
			productName = "Foug Elhoda";
			productReference = 6B7E3658210CC49300BB7354 /* Foug Elhoda.app */;
			productType = "com.apple.product-type.application";
		};
/* End PBXNativeTarget section */

/* Begin PBXProject section */
		6B7E3650210CC49300BB7354 /* Project object */ = {
			isa = PBXProject;
			attributes = {
				LastSwiftUpdateCheck = 0920;
				LastUpgradeCheck = 0920;
				ORGANIZATIONNAME = "Hadeer Kamel";
				TargetAttributes = {
					6B7E3657210CC49300BB7354 = {
						CreatedOnToolsVersion = 9.2;
						LastSwiftMigration = 0920;
						ProvisioningStyle = Manual;
					};
				};
			};
			buildConfigurationList = 6B7E3653210CC49300BB7354 /* Build configuration list for PBXProject "Foug Elhoda" */;
			compatibilityVersion = "Xcode 8.0";
			developmentRegion = en;
			hasScannedForEncodings = 0;
			knownRegions = (
				en,
				Base,
				ar,
			);
			mainGroup = 6B7E364F210CC49300BB7354;
			productRefGroup = 6B7E3659210CC49300BB7354 /* Products */;
			projectDirPath = "";
			projectRoot = "";
			targets = (
				6B7E3657210CC49300BB7354 /* Foug Elhoda */,
			);
		};
/* End PBXProject section */

/* Begin PBXResourcesBuildPhase section */
		6B7E3656210CC49300BB7354 /* Resources */ = {
			isa = PBXResourcesBuildPhase;
			buildActionMask = 2147483647;
			files = (
				6B10527621138A2100003988 /* TimesTableViewCell.xib in Resources */,
				6B2D526E21120AAA005CD59A /* Home.storyboard in Resources */,
				6B88DBD4210E2A5D006B1897 /* Side menu.storyboard in Resources */,
				6B1052692113413B00003988 /* QuestionsTableViewCell.xib in Resources */,
				6B7E367F210CCE0900BB7354 /* Localizable.strings in Resources */,
				6B7E367C210CC9EA00BB7354 /* Info.plist in Resources */,
				6B88DBDB210E334B006B1897 /* SideMenuCell.xib in Resources */,
				6B2D526A2111E06B005CD59A /* ImageCollectionViewCell.xib in Resources */,
				6B53CBA0210E84F900BE96B2 /* HomeCollectionViewCell.xib in Resources */,
				6B7E3666210CC49300BB7354 /* LaunchScreen.storyboard in Resources */,
				6B7E3663210CC49300BB7354 /* Assets.xcassets in Resources */,
				6B7E3661210CC49300BB7354 /* Main.storyboard in Resources */,
			);
			runOnlyForDeploymentPostprocessing = 0;
		};
/* End PBXResourcesBuildPhase section */

/* Begin PBXShellScriptBuildPhase section */
		4392392A7D5FAEE6E3153A97 /* [CP] Copy Pods Resources */ = {
			isa = PBXShellScriptBuildPhase;
			buildActionMask = 2147483647;
			files = (
			);
			inputPaths = (
				"${SRCROOT}/Pods/Target Support Files/Pods-Foug Elhoda/Pods-Foug Elhoda-resources.sh",
				"${PODS_ROOT}/GoogleMaps/Maps/Frameworks/GoogleMaps.framework/Resources/GoogleMaps.bundle",
			);
			name = "[CP] Copy Pods Resources";
			outputPaths = (
				"${TARGET_BUILD_DIR}/${UNLOCALIZED_RESOURCES_FOLDER_PATH}/GoogleMaps.bundle",
			);
			runOnlyForDeploymentPostprocessing = 0;
			shellPath = /bin/sh;
			shellScript = "\"${SRCROOT}/Pods/Target Support Files/Pods-Foug Elhoda/Pods-Foug Elhoda-resources.sh\"\n";
			showEnvVarsInLog = 0;
		};
		89D08E56B7B41F98E59CF76A /* [CP] Check Pods Manifest.lock */ = {
			isa = PBXShellScriptBuildPhase;
			buildActionMask = 2147483647;
			files = (
			);
			inputPaths = (
				"${PODS_PODFILE_DIR_PATH}/Podfile.lock",
				"${PODS_ROOT}/Manifest.lock",
			);
			name = "[CP] Check Pods Manifest.lock";
			outputPaths = (
				"$(DERIVED_FILE_DIR)/Pods-Foug Elhoda-checkManifestLockResult.txt",
			);
			runOnlyForDeploymentPostprocessing = 0;
			shellPath = /bin/sh;
			shellScript = "diff \"${PODS_PODFILE_DIR_PATH}/Podfile.lock\" \"${PODS_ROOT}/Manifest.lock\" > /dev/null\nif [ $? != 0 ] ; then\n    # print error to STDERR\n    echo \"error: The sandbox is not in sync with the Podfile.lock. Run 'pod install' or update your CocoaPods installation.\" >&2\n    exit 1\nfi\n# This output is used by Xcode 'outputs' to avoid re-running this script phase.\necho \"SUCCESS\" > \"${SCRIPT_OUTPUT_FILE_0}\"\n";
			showEnvVarsInLog = 0;
		};
/* End PBXShellScriptBuildPhase section */

/* Begin PBXSourcesBuildPhase section */
		6B7E3654210CC49300BB7354 /* Sources */ = {
			isa = PBXSourcesBuildPhase;
			buildActionMask = 2147483647;
			files = (
				6B10527121137F5D00003988 /* NetworkConstants.swift in Sources */,
				6B4DFE8F210D904C0020C7D3 /* SWRevealViewController.m in Sources */,
				6B10526B2113492100003988 /* questionsAndAnswers.swift in Sources */,
				6B53CBB5210F596B00BE96B2 /* PlacesVC.swift in Sources */,
				6B53CBB3210F594800BE96B2 /* LocationsVC.swift in Sources */,
				6B88DBDA210E334B006B1897 /* SideMenuCell.swift in Sources */,
				6B88DBE2210E3D03006B1897 /* UIApplicationExtension.swift in Sources */,
				6B1052682113413B00003988 /* QuestionsTableViewCell.swift in Sources */,
				6B88DBE0210E3C10006B1897 /* UIViewControllerExtension.swift in Sources */,
				6B7E3687210CD3EB00BB7354 /* HomeVC.swift in Sources */,
				6B7E367A210CC9B400BB7354 /* AppDelegate.swift in Sources */,
				6B53CBAF210F40ED00BE96B2 /* QuestionsVC.swift in Sources */,
				6B53CBB9210F59AB00BE96B2 /* VideosVC.swift in Sources */,
				6B10527521138A2100003988 /* TimesTableViewCell.swift in Sources */,
				6B53CBA9210F40A200BE96B2 /* WeVC.swift in Sources */,
				6B53CBBB210F59C800BE96B2 /* PicturesVC.swift in Sources */,
				6B10527A2113B0B200003988 /* LocationsConstants.swift in Sources */,
				6B2D52692111E06B005CD59A /* ImageCollectionViewCell.swift in Sources */,
				6B53CB9F210E84F900BE96B2 /* HomeCollectionViewCell.swift in Sources */,
				6B53CBBD210F59E400BE96B2 /* NotificationVC.swift in Sources */,
				6B53CBAD210F40D700BE96B2 /* LostVC.swift in Sources */,
				6B53CBB7210F599000BE96B2 /* TimeTableVC.swift in Sources */,
				6B88DBD2210DAAFC006B1897 /* UiConstants.swift in Sources */,
				6B10527821138CA300003988 /* HajTimes.swift in Sources */,
				6B2D52732112241C005CD59A /* UIViewExtension.swift in Sources */,
				6B88DBDD210E369D006B1897 /* TableViewAdapter.swift in Sources */,
				6B7E365E210CC49300BB7354 /* ViewController.swift in Sources */,
				6B10526F2113648F00003988 /* WebViewVC.swift in Sources */,
				6B4DFE91210DA0090020C7D3 /* SideMenuVC.swift in Sources */,
			);
			runOnlyForDeploymentPostprocessing = 0;
		};
/* End PBXSourcesBuildPhase section */

/* Begin PBXVariantGroup section */
		6B7E365F210CC49300BB7354 /* Main.storyboard */ = {
			isa = PBXVariantGroup;
			children = (
				6B7E3660210CC49300BB7354 /* Base */,
				6B7E3680210CCE6800BB7354 /* ar */,
			);
			name = Main.storyboard;
			sourceTree = "<group>";
		};
		6B7E3664210CC49300BB7354 /* LaunchScreen.storyboard */ = {
			isa = PBXVariantGroup;
			children = (
				6B7E3665210CC49300BB7354 /* Base */,
				6B7E3681210CCE6900BB7354 /* ar */,
			);
			name = LaunchScreen.storyboard;
			sourceTree = "<group>";
		};
		6B88DBD6210E2A5D006B1897 /* Side menu.storyboard */ = {
			isa = PBXVariantGroup;
			children = (
				6B2D527121120B51005CD59A /* ar */,
			);
			name = "Side menu.storyboard";
			sourceTree = "<group>";
		};
		6B88DBE5210E40BF006B1897 /* Home.storyboard */ = {
			isa = PBXVariantGroup;
			children = (
				6B2D526D2111F141005CD59A /* ar */,
			);
			name = Home.storyboard;
			sourceTree = "<group>";
		};
/* End PBXVariantGroup section */

/* Begin XCBuildConfiguration section */
		6B7E3668210CC49300BB7354 /* Debug */ = {
			isa = XCBuildConfiguration;
			buildSettings = {
				ALWAYS_SEARCH_USER_PATHS = NO;
				CLANG_ANALYZER_LOCALIZABILITY_NONLOCALIZED = YES;
				CLANG_ANALYZER_NONNULL = YES;
				CLANG_ANALYZER_NUMBER_OBJECT_CONVERSION = YES_AGGRESSIVE;
				CLANG_CXX_LANGUAGE_STANDARD = "gnu++14";
				CLANG_CXX_LIBRARY = "libc++";
				CLANG_ENABLE_MODULES = YES;
				CLANG_ENABLE_OBJC_ARC = YES;
				CLANG_WARN_BLOCK_CAPTURE_AUTORELEASING = YES;
				CLANG_WARN_BOOL_CONVERSION = YES;
				CLANG_WARN_COMMA = YES;
				CLANG_WARN_CONSTANT_CONVERSION = YES;
				CLANG_WARN_DIRECT_OBJC_ISA_USAGE = YES_ERROR;
				CLANG_WARN_DOCUMENTATION_COMMENTS = YES;
				CLANG_WARN_EMPTY_BODY = YES;
				CLANG_WARN_ENUM_CONVERSION = YES;
				CLANG_WARN_INFINITE_RECURSION = YES;
				CLANG_WARN_INT_CONVERSION = YES;
				CLANG_WARN_NON_LITERAL_NULL_CONVERSION = YES;
				CLANG_WARN_OBJC_LITERAL_CONVERSION = YES;
				CLANG_WARN_OBJC_ROOT_CLASS = YES_ERROR;
				CLANG_WARN_RANGE_LOOP_ANALYSIS = YES;
				CLANG_WARN_STRICT_PROTOTYPES = YES;
				CLANG_WARN_SUSPICIOUS_MOVE = YES;
				CLANG_WARN_UNGUARDED_AVAILABILITY = YES_AGGRESSIVE;
				CLANG_WARN_UNREACHABLE_CODE = YES;
				CLANG_WARN__DUPLICATE_METHOD_MATCH = YES;
				CODE_SIGN_IDENTITY = "iPhone Developer";
				COPY_PHASE_STRIP = NO;
				DEBUG_ACTIVITY_MODE = "";
				"DEBUG_ACTIVITY_MODE[sdk=iphonesimulator*]" = default;
				DEBUG_INFORMATION_FORMAT = dwarf;
				ENABLE_STRICT_OBJC_MSGSEND = YES;
				ENABLE_TESTABILITY = YES;
				GCC_C_LANGUAGE_STANDARD = gnu11;
				GCC_DYNAMIC_NO_PIC = NO;
				GCC_NO_COMMON_BLOCKS = YES;
				GCC_OPTIMIZATION_LEVEL = 0;
				GCC_PREPROCESSOR_DEFINITIONS = (
					"DEBUG=1",
					"$(inherited)",
				);
				GCC_WARN_64_TO_32_BIT_CONVERSION = YES;
				GCC_WARN_ABOUT_RETURN_TYPE = YES_ERROR;
				GCC_WARN_UNDECLARED_SELECTOR = YES;
				GCC_WARN_UNINITIALIZED_AUTOS = YES_AGGRESSIVE;
				GCC_WARN_UNUSED_FUNCTION = YES;
				GCC_WARN_UNUSED_VARIABLE = YES;
				IPHONEOS_DEPLOYMENT_TARGET = 11.2;
				MTL_ENABLE_DEBUG_INFO = YES;
				ONLY_ACTIVE_ARCH = NO;
				SDKROOT = iphoneos;
				SWIFT_ACTIVE_COMPILATION_CONDITIONS = DEBUG;
				SWIFT_OPTIMIZATION_LEVEL = "-Onone";
			};
			name = Debug;
		};
		6B7E3669210CC49300BB7354 /* Release */ = {
			isa = XCBuildConfiguration;
			buildSettings = {
				ALWAYS_SEARCH_USER_PATHS = NO;
				CLANG_ANALYZER_LOCALIZABILITY_NONLOCALIZED = YES;
				CLANG_ANALYZER_NONNULL = YES;
				CLANG_ANALYZER_NUMBER_OBJECT_CONVERSION = YES_AGGRESSIVE;
				CLANG_CXX_LANGUAGE_STANDARD = "gnu++14";
				CLANG_CXX_LIBRARY = "libc++";
				CLANG_ENABLE_MODULES = YES;
				CLANG_ENABLE_OBJC_ARC = YES;
				CLANG_WARN_BLOCK_CAPTURE_AUTORELEASING = YES;
				CLANG_WARN_BOOL_CONVERSION = YES;
				CLANG_WARN_COMMA = YES;
				CLANG_WARN_CONSTANT_CONVERSION = YES;
				CLANG_WARN_DIRECT_OBJC_ISA_USAGE = YES_ERROR;
				CLANG_WARN_DOCUMENTATION_COMMENTS = YES;
				CLANG_WARN_EMPTY_BODY = YES;
				CLANG_WARN_ENUM_CONVERSION = YES;
				CLANG_WARN_INFINITE_RECURSION = YES;
				CLANG_WARN_INT_CONVERSION = YES;
				CLANG_WARN_NON_LITERAL_NULL_CONVERSION = YES;
				CLANG_WARN_OBJC_LITERAL_CONVERSION = YES;
				CLANG_WARN_OBJC_ROOT_CLASS = YES_ERROR;
				CLANG_WARN_RANGE_LOOP_ANALYSIS = YES;
				CLANG_WARN_STRICT_PROTOTYPES = YES;
				CLANG_WARN_SUSPICIOUS_MOVE = YES;
				CLANG_WARN_UNGUARDED_AVAILABILITY = YES_AGGRESSIVE;
				CLANG_WARN_UNREACHABLE_CODE = YES;
				CLANG_WARN__DUPLICATE_METHOD_MATCH = YES;
				CODE_SIGN_IDENTITY = "iPhone Developer";
				COPY_PHASE_STRIP = NO;
				DEBUG_ACTIVITY_MODE = "";
				DEBUG_INFORMATION_FORMAT = "dwarf-with-dsym";
				ENABLE_NS_ASSERTIONS = NO;
				ENABLE_STRICT_OBJC_MSGSEND = YES;
				GCC_C_LANGUAGE_STANDARD = gnu11;
				GCC_NO_COMMON_BLOCKS = YES;
				GCC_WARN_64_TO_32_BIT_CONVERSION = YES;
				GCC_WARN_ABOUT_RETURN_TYPE = YES_ERROR;
				GCC_WARN_UNDECLARED_SELECTOR = YES;
				GCC_WARN_UNINITIALIZED_AUTOS = YES_AGGRESSIVE;
				GCC_WARN_UNUSED_FUNCTION = YES;
				GCC_WARN_UNUSED_VARIABLE = YES;
				IPHONEOS_DEPLOYMENT_TARGET = 11.2;
				MTL_ENABLE_DEBUG_INFO = NO;
				ONLY_ACTIVE_ARCH = NO;
				SDKROOT = iphoneos;
				SWIFT_OPTIMIZATION_LEVEL = "-Owholemodule";
				VALIDATE_PRODUCT = YES;
			};
			name = Release;
		};
		6B7E366B210CC49300BB7354 /* Debug */ = {
			isa = XCBuildConfiguration;
			baseConfigurationReference = 9D5F761ADCF63F7216CC4DE4 /* Pods-Foug Elhoda.debug.xcconfig */;
			buildSettings = {
				ASSETCATALOG_COMPILER_APPICON_NAME = AppIcon;
				CLANG_ENABLE_MODULES = YES;
				CODE_SIGN_STYLE = Manual;
				INFOPLIST_FILE = "Foug Elhoda/Support files/Info.plist";
				LD_RUNPATH_SEARCH_PATHS = "$(inherited) @executable_path/Frameworks";
				PRODUCT_BUNDLE_IDENTIFIER = "Hadeer-Kamel.Foug-Elhoda";
				PRODUCT_NAME = "$(TARGET_NAME)";
				SWIFT_OBJC_BRIDGING_HEADER = "Foug Elhoda/Resource files/Foug-Elhoda-Bridging-Header.h";
				SWIFT_OPTIMIZATION_LEVEL = "-Onone";
				SWIFT_VERSION = 4.0;
				TARGETED_DEVICE_FAMILY = "1,2";
			};
			name = Debug;
		};
		6B7E366C210CC49300BB7354 /* Release */ = {
			isa = XCBuildConfiguration;
			baseConfigurationReference = 7E5C565CEDE7184520668C5A /* Pods-Foug Elhoda.release.xcconfig */;
			buildSettings = {
				ASSETCATALOG_COMPILER_APPICON_NAME = AppIcon;
				CLANG_ENABLE_MODULES = YES;
				CODE_SIGN_STYLE = Manual;
				INFOPLIST_FILE = "Foug Elhoda/Support files/Info.plist";
				LD_RUNPATH_SEARCH_PATHS = "$(inherited) @executable_path/Frameworks";
				PRODUCT_BUNDLE_IDENTIFIER = "Hadeer-Kamel.Foug-Elhoda";
				PRODUCT_NAME = "$(TARGET_NAME)";
				SWIFT_OBJC_BRIDGING_HEADER = "Foug Elhoda/Resource files/Foug-Elhoda-Bridging-Header.h";
				SWIFT_VERSION = 4.0;
				TARGETED_DEVICE_FAMILY = "1,2";
			};
			name = Release;
		};
/* End XCBuildConfiguration section */

/* Begin XCConfigurationList section */
		6B7E3653210CC49300BB7354 /* Build configuration list for PBXProject "Foug Elhoda" */ = {
			isa = XCConfigurationList;
			buildConfigurations = (
				6B7E3668210CC49300BB7354 /* Debug */,
				6B7E3669210CC49300BB7354 /* Release */,
			);
			defaultConfigurationIsVisible = 0;
			defaultConfigurationName = Release;
		};
		6B7E366A210CC49300BB7354 /* Build configuration list for PBXNativeTarget "Foug Elhoda" */ = {
			isa = XCConfigurationList;
			buildConfigurations = (
				6B7E366B210CC49300BB7354 /* Debug */,
				6B7E366C210CC49300BB7354 /* Release */,
			);
			defaultConfigurationIsVisible = 0;
			defaultConfigurationName = Release;
		};
/* End XCConfigurationList section */
	};
	rootObject = 6B7E3650210CC49300BB7354 /* Project object */;
}
